
Microsoft Visual Studio Solution File, Format Version 12.00
# Visual Studio Version 17
VisualStudioVersion = 17.7.34018.315
MinimumVisualStudioVersion = 10.0.40219.1
Project("{2150E333-8FDC-42A3-9474-1A3956D46DE8}") = "Core", "Core", "{619EE8D4-5790-4B32-8AE8-19DFFCC0BF2D}"
EndProject
Project("{2150E333-8FDC-42A3-9474-1A3956D46DE8}") = "Infrastructure", "Infrastructure", "{AA551BDA-9C90-44A4-A1DE-813A62818A7D}"
EndProject
Project("{2150E333-8FDC-42A3-9474-1A3956D46DE8}") = "Presentation", "Presentation", "{18E94999-9B7C-497A-BE45-DD0E78BB14BB}"
EndProject
Project("{2150E333-8FDC-42A3-9474-1A3956D46DE8}") = "Application", "Application", "{00EE154E-D5AD-4219-89F0-54E19AA39DA3}"
EndProject
Project("{2150E333-8FDC-42A3-9474-1A3956D46DE8}") = "Domain", "Domain", "{66E3AC15-6D18-42A6-9AC9-54A5E6444060}"
EndProject
Project("{2150E333-8FDC-42A3-9474-1A3956D46DE8}") = "Infrastructure", "Infrastructure", "{4432FD69-6431-4C83-976A-E52ED9CACBAA}"
EndProject
Project("{2150E333-8FDC-42A3-9474-1A3956D46DE8}") = "Persistence", "Persistence", "{CB230C51-A7AD-4456-98B4-7AA584F47D81}"
EndProject
Project("{2150E333-8FDC-42A3-9474-1A3956D46DE8}") = "API", "API", "{7DAD4480-1464-4E4E-99F5-218E58E5A7F5}"
EndProject
Project("{9A19103F-16F7-4668-BE54-9A1E7A4F7556}") = "ECom.Application", "Core\ECom.Application\ECom.Application.csproj", "{9DC0A6B0-DE1F-43FB-8271-3C888CA888AB}"
EndProject
Project("{9A19103F-16F7-4668-BE54-9A1E7A4F7556}") = "ECom.Domain", "Core\ECom.Domain\ECom.Domain.csproj", "{9C6556BE-511E-4EF6-8C67-9EC7E83C7A20}"
EndProject
Project("{9A19103F-16F7-4668-BE54-9A1E7A4F7556}") = "ECom.Infrastructure", "Infrastructure\ECom.Infrastructure\ECom.Infrastructure.csproj", "{CCA17FF4-AB0B-4098-8ECF-CAF34461401B}"
EndProject
Project("{9A19103F-16F7-4668-BE54-9A1E7A4F7556}") = "ECom.Persistence", "Infrastructure\ECom.Persistence\ECom.Persistence.csproj", "{B608614E-82F4-4019-B1C4-9143841D9091}"
EndProject
Project("{9A19103F-16F7-4668-BE54-9A1E7A4F7556}") = "ECom.API", "Presentation\ECom.API\ECom.API.csproj", "{053DCEBA-DE53-4382-88FE-32C94487B769}"
EndProject
Project("{2150E333-8FDC-42A3-9474-1A3956D46DE8}") = "SignalR", "SignalR", "{F73CD569-5E6F-49FE-AEB5-E9CDD61FCC80}"
EndProject
Project("{FAE04EC0-301F-11D3-BF4B-00C04F79EFBC}") = "ECom.SignalR", "Infrastructure\ECom.SignalR\ECom.SignalR.csproj", "{FFA25680-6EBA-4DB6-B7A6-DA585D77559E}"
EndProject
Global
	GlobalSection(SolutionConfigurationPlatforms) = preSolution
		Debug|Any CPU = Debug|Any CPU
		Release|Any CPU = Release|Any CPU
	EndGlobalSection
	GlobalSection(ProjectConfigurationPlatforms) = postSolution
		{9DC0A6B0-DE1F-43FB-8271-3C888CA888AB}.Debug|Any CPU.ActiveCfg = Debug|Any CPU
		{9DC0A6B0-DE1F-43FB-8271-3C888CA888AB}.Debug|Any CPU.Build.0 = Debug|Any CPU
		{9DC0A6B0-DE1F-43FB-8271-3C888CA888AB}.Release|Any CPU.ActiveCfg = Release|Any CPU
		{9DC0A6B0-DE1F-43FB-8271-3C888CA888AB}.Release|Any CPU.Build.0 = Release|Any CPU
		{9C6556BE-511E-4EF6-8C67-9EC7E83C7A20}.Debug|Any CPU.ActiveCfg = Debug|Any CPU
		{9C6556BE-511E-4EF6-8C67-9EC7E83C7A20}.Debug|Any CPU.Build.0 = Debug|Any CPU
		{9C6556BE-511E-4EF6-8C67-9EC7E83C7A20}.Release|Any CPU.ActiveCfg = Release|Any CPU
		{9C6556BE-511E-4EF6-8C67-9EC7E83C7A20}.Release|Any CPU.Build.0 = Release|Any CPU
		{CCA17FF4-AB0B-4098-8ECF-CAF34461401B}.Debug|Any CPU.ActiveCfg = Debug|Any CPU
		{CCA17FF4-AB0B-4098-8ECF-CAF34461401B}.Debug|Any CPU.Build.0 = Debug|Any CPU
		{CCA17FF4-AB0B-4098-8ECF-CAF34461401B}.Release|Any CPU.ActiveCfg = Release|Any CPU
		{CCA17FF4-AB0B-4098-8ECF-CAF34461401B}.Release|Any CPU.Build.0 = Release|Any CPU
		{B608614E-82F4-4019-B1C4-9143841D9091}.Debug|Any CPU.ActiveCfg = Debug|Any CPU
		{B608614E-82F4-4019-B1C4-9143841D9091}.Debug|Any CPU.Build.0 = Debug|Any CPU
		{B608614E-82F4-4019-B1C4-9143841D9091}.Release|Any CPU.ActiveCfg = Release|Any CPU
		{B608614E-82F4-4019-B1C4-9143841D9091}.Release|Any CPU.Build.0 = Release|Any CPU
		{053DCEBA-DE53-4382-88FE-32C94487B769}.Debug|Any CPU.ActiveCfg = Debug|Any CPU
		{053DCEBA-DE53-4382-88FE-32C94487B769}.Debug|Any CPU.Build.0 = Debug|Any CPU
		{053DCEBA-DE53-4382-88FE-32C94487B769}.Release|Any CPU.ActiveCfg = Release|Any CPU
		{053DCEBA-DE53-4382-88FE-32C94487B769}.Release|Any CPU.Build.0 = Release|Any CPU
		{FFA25680-6EBA-4DB6-B7A6-DA585D77559E}.Debug|Any CPU.ActiveCfg = Debug|Any CPU
		{FFA25680-6EBA-4DB6-B7A6-DA585D77559E}.Debug|Any CPU.Build.0 = Debug|Any CPU
		{FFA25680-6EBA-4DB6-B7A6-DA585D77559E}.Release|Any CPU.ActiveCfg = Release|Any CPU
		{FFA25680-6EBA-4DB6-B7A6-DA585D77559E}.Release|Any CPU.Build.0 = Release|Any CPU
	EndGlobalSection
	GlobalSection(SolutionProperties) = preSolution
		HideSolutionNode = FALSE
	EndGlobalSection
	GlobalSection(NestedProjects) = preSolution
		{00EE154E-D5AD-4219-89F0-54E19AA39DA3} = {619EE8D4-5790-4B32-8AE8-19DFFCC0BF2D}
		{66E3AC15-6D18-42A6-9AC9-54A5E6444060} = {619EE8D4-5790-4B32-8AE8-19DFFCC0BF2D}
		{4432FD69-6431-4C83-976A-E52ED9CACBAA} = {AA551BDA-9C90-44A4-A1DE-813A62818A7D}
		{CB230C51-A7AD-4456-98B4-7AA584F47D81} = {AA551BDA-9C90-44A4-A1DE-813A62818A7D}
		{7DAD4480-1464-4E4E-99F5-218E58E5A7F5} = {18E94999-9B7C-497A-BE45-DD0E78BB14BB}
		{9DC0A6B0-DE1F-43FB-8271-3C888CA888AB} = {00EE154E-D5AD-4219-89F0-54E19AA39DA3}
		{9C6556BE-511E-4EF6-8C67-9EC7E83C7A20} = {66E3AC15-6D18-42A6-9AC9-54A5E6444060}
		{CCA17FF4-AB0B-4098-8ECF-CAF34461401B} = {4432FD69-6431-4C83-976A-E52ED9CACBAA}
		{B608614E-82F4-4019-B1C4-9143841D9091} = {CB230C51-A7AD-4456-98B4-7AA584F47D81}
		{053DCEBA-DE53-4382-88FE-32C94487B769} = {7DAD4480-1464-4E4E-99F5-218E58E5A7F5}
		{F73CD569-5E6F-49FE-AEB5-E9CDD61FCC80} = {AA551BDA-9C90-44A4-A1DE-813A62818A7D}
		{FFA25680-6EBA-4DB6-B7A6-DA585D77559E} = {F73CD569-5E6F-49FE-AEB5-E9CDD61FCC80}
	EndGlobalSection
	GlobalSection(ExtensibilityGlobals) = postSolution
		SolutionGuid = {00A8A15F-5568-46EC-B855-59DF9DA4BD6F}
	EndGlobalSection
EndGlobal
